// !$*UTF8*$!
{
	archiveVersion = 1;
	classes = {
	};
	objectVersion = 50;
	objects = {

/* Begin PBXBuildFile section */
		185232D22136FCF8009927D2 /* AppDelegate.swift in Sources */ = {isa = PBXBuildFile; fileRef = 185232D12136FCF8009927D2 /* AppDelegate.swift */; };
		185232D42136FCF8009927D2 /* ViewController.swift in Sources */ = {isa = PBXBuildFile; fileRef = 185232D32136FCF8009927D2 /* ViewController.swift */; };
		185232D72136FCF8009927D2 /* Main.storyboard in Resources */ = {isa = PBXBuildFile; fileRef = 185232D52136FCF8009927D2 /* Main.storyboard */; };
		185232D92136FCF9009927D2 /* Assets.xcassets in Resources */ = {isa = PBXBuildFile; fileRef = 185232D82136FCF9009927D2 /* Assets.xcassets */; };
		185232DC2136FCF9009927D2 /* LaunchScreen.storyboard in Resources */ = {isa = PBXBuildFile; fileRef = 185232DA2136FCF9009927D2 /* LaunchScreen.storyboard */; };
		185232E72136FCF9009927D2 /* Youker_EnterpriseTests.swift in Sources */ = {isa = PBXBuildFile; fileRef = 185232E62136FCF9009927D2 /* Youker_EnterpriseTests.swift */; };
		185232F22136FCF9009927D2 /* Youker_EnterpriseUITests.swift in Sources */ = {isa = PBXBuildFile; fileRef = 185232F12136FCF9009927D2 /* Youker_EnterpriseUITests.swift */; };
/* End PBXBuildFile section */

/* Begin PBXContainerItemProxy section */
		185232E32136FCF9009927D2 /* PBXContainerItemProxy */ = {
			isa = PBXContainerItemProxy;
			containerPortal = 185232C62136FCF8009927D2 /* Project object */;
			proxyType = 1;
			remoteGlobalIDString = 185232CD2136FCF8009927D2;
			remoteInfo = Youker_Enterprise;
		};
		185232EE2136FCF9009927D2 /* PBXContainerItemProxy */ = {
			isa = PBXContainerItemProxy;
			containerPortal = 185232C62136FCF8009927D2 /* Project object */;
			proxyType = 1;
			remoteGlobalIDString = 185232CD2136FCF8009927D2;
			remoteInfo = Youker_Enterprise;
		};
/* End PBXContainerItemProxy section */

/* Begin PBXFileReference section */
		185232CE2136FCF8009927D2 /* Youker_Enterprise.app */ = {isa = PBXFileReference; explicitFileType = wrapper.application; includeInIndex = 0; path = Youker_Enterprise.app; sourceTree = BUILT_PRODUCTS_DIR; };
		185232D12136FCF8009927D2 /* AppDelegate.swift */ = {isa = PBXFileReference; lastKnownFileType = sourcecode.swift; path = AppDelegate.swift; sourceTree = "<group>"; };
		185232D32136FCF8009927D2 /* ViewController.swift */ = {isa = PBXFileReference; lastKnownFileType = sourcecode.swift; path = ViewController.swift; sourceTree = "<group>"; };
		185232D62136FCF8009927D2 /* Base */ = {isa = PBXFileReference; lastKnownFileType = file.storyboard; name = Base; path = Base.lproj/Main.storyboard; sourceTree = "<group>"; };
		185232D82136FCF9009927D2 /* Assets.xcassets */ = {isa = PBXFileReference; lastKnownFileType = folder.assetcatalog; path = Assets.xcassets; sourceTree = "<group>"; };
		185232DB2136FCF9009927D2 /* Base */ = {isa = PBXFileReference; lastKnownFileType = file.storyboard; name = Base; path = Base.lproj/LaunchScreen.storyboard; sourceTree = "<group>"; };
		185232DD2136FCF9009927D2 /* Info.plist */ = {isa = PBXFileReference; lastKnownFileType = text.plist.xml; path = Info.plist; sourceTree = "<group>"; };
		185232E22136FCF9009927D2 /* Youker_EnterpriseTests.xctest */ = {isa = PBXFileReference; explicitFileType = wrapper.cfbundle; includeInIndex = 0; path = Youker_EnterpriseTests.xctest; sourceTree = BUILT_PRODUCTS_DIR; };
		185232E62136FCF9009927D2 /* Youker_EnterpriseTests.swift */ = {isa = PBXFileReference; lastKnownFileType = sourcecode.swift; path = Youker_EnterpriseTests.swift; sourceTree = "<group>"; };
		185232E82136FCF9009927D2 /* Info.plist */ = {isa = PBXFileReference; lastKnownFileType = text.plist.xml; path = Info.plist; sourceTree = "<group>"; };
		185232ED2136FCF9009927D2 /* Youker_EnterpriseUITests.xctest */ = {isa = PBXFileReference; explicitFileType = wrapper.cfbundle; includeInIndex = 0; path = Youker_EnterpriseUITests.xctest; sourceTree = BUILT_PRODUCTS_DIR; };
		185232F12136FCF9009927D2 /* Youker_EnterpriseUITests.swift */ = {isa = PBXFileReference; lastKnownFileType = sourcecode.swift; path = Youker_EnterpriseUITests.swift; sourceTree = "<group>"; };
		185232F32136FCF9009927D2 /* Info.plist */ = {isa = PBXFileReference; lastKnownFileType = text.plist.xml; path = Info.plist; sourceTree = "<group>"; };
/* End PBXFileReference section */

/* Begin PBXFrameworksBuildPhase section */
		185232CB2136FCF8009927D2 /* Frameworks */ = {
			isa = PBXFrameworksBuildPhase;
			buildActionMask = 2147483647;
			files = (
			);
			runOnlyForDeploymentPostprocessing = 0;
		};
		185232DF2136FCF9009927D2 /* Frameworks */ = {
			isa = PBXFrameworksBuildPhase;
			buildActionMask = 2147483647;
			files = (
			);
			runOnlyForDeploymentPostprocessing = 0;
		};
		185232EA2136FCF9009927D2 /* Frameworks */ = {
			isa = PBXFrameworksBuildPhase;
			buildActionMask = 2147483647;
			files = (
			);
			runOnlyForDeploymentPostprocessing = 0;
		};
/* End PBXFrameworksBuildPhase section */

/* Begin PBXGroup section */
		185232C52136FCF8009927D2 = {
			isa = PBXGroup;
			children = (
				185232D02136FCF8009927D2 /* Youker_Enterprise */,
				185232E52136FCF9009927D2 /* Youker_EnterpriseTests */,
				185232F02136FCF9009927D2 /* Youker_EnterpriseUITests */,
				185232CF2136FCF8009927D2 /* Products */,
			);
			sourceTree = "<group>";
		};
		185232CF2136FCF8009927D2 /* Products */ = {
			isa = PBXGroup;
			children = (
				185232CE2136FCF8009927D2 /* Youker_Enterprise.app */,
				185232E22136FCF9009927D2 /* Youker_EnterpriseTests.xctest */,
				185232ED2136FCF9009927D2 /* Youker_EnterpriseUITests.xctest */,
			);
			name = Products;
			sourceTree = "<group>";
		};
		185232D02136FCF8009927D2 /* Youker_Enterprise */ = {
			isa = PBXGroup;
			children = (
				185232D12136FCF8009927D2 /* AppDelegate.swift */,
				185232D32136FCF8009927D2 /* ViewController.swift */,
				185232D52136FCF8009927D2 /* Main.storyboard */,
				185232D82136FCF9009927D2 /* Assets.xcassets */,
				185232DA2136FCF9009927D2 /* LaunchScreen.storyboard */,
				185232DD2136FCF9009927D2 /* Info.plist */,
			);
			path = Youker_Enterprise;
			sourceTree = "<group>";
		};
		185232E52136FCF9009927D2 /* Youker_EnterpriseTests */ = {
			isa = PBXGroup;
			children = (
				185232E62136FCF9009927D2 /* Youker_EnterpriseTests.swift */,
				185232E82136FCF9009927D2 /* Info.plist */,
			);
			path = Youker_EnterpriseTests;
			sourceTree = "<group>";
		};
		185232F02136FCF9009927D2 /* Youker_EnterpriseUITests */ = {
			isa = PBXGroup;
			children = (
				185232F12136FCF9009927D2 /* Youker_EnterpriseUITests.swift */,
				185232F32136FCF9009927D2 /* Info.plist */,
			);
			path = Youker_EnterpriseUITests;
			sourceTree = "<group>";
		};
/* End PBXGroup section */

/* Begin PBXNativeTarget section */
		185232CD2136FCF8009927D2 /* Youker_Enterprise */ = {
			isa = PBXNativeTarget;
			buildConfigurationList = 185232F62136FCF9009927D2 /* Build configuration list for PBXNativeTarget "Youker_Enterprise" */;
			buildPhases = (
				185232CA2136FCF8009927D2 /* Sources */,
				185232CB2136FCF8009927D2 /* Frameworks */,
				185232CC2136FCF8009927D2 /* Resources */,
			);
			buildRules = (
			);
			dependencies = (
			);
			name = Youker_Enterprise;
			productName = Youker_Enterprise;
			productReference = 185232CE2136FCF8009927D2 /* Youker_Enterprise.app */;
			productType = "com.apple.product-type.application";
		};
		185232E12136FCF9009927D2 /* Youker_EnterpriseTests */ = {
			isa = PBXNativeTarget;
			buildConfigurationList = 185232F92136FCF9009927D2 /* Build configuration list for PBXNativeTarget "Youker_EnterpriseTests" */;
			buildPhases = (
				185232DE2136FCF9009927D2 /* Sources */,
				185232DF2136FCF9009927D2 /* Frameworks */,
				185232E02136FCF9009927D2 /* Resources */,
			);
			buildRules = (
			);
			dependencies = (
				185232E42136FCF9009927D2 /* PBXTargetDependency */,
			);
			name = Youker_EnterpriseTests;
			productName = Youker_EnterpriseTests;
			productReference = 185232E22136FCF9009927D2 /* Youker_EnterpriseTests.xctest */;
			productType = "com.apple.product-type.bundle.unit-test";
		};
		185232EC2136FCF9009927D2 /* Youker_EnterpriseUITests */ = {
			isa = PBXNativeTarget;
			buildConfigurationList = 185232FC2136FCF9009927D2 /* Build configuration list for PBXNativeTarget "Youker_EnterpriseUITests" */;
			buildPhases = (
				185232E92136FCF9009927D2 /* Sources */,
				185232EA2136FCF9009927D2 /* Frameworks */,
				185232EB2136FCF9009927D2 /* Resources */,
			);
			buildRules = (
			);
			dependencies = (
				185232EF2136FCF9009927D2 /* PBXTargetDependency */,
			);
			name = Youker_EnterpriseUITests;
			productName = Youker_EnterpriseUITests;
			productReference = 185232ED2136FCF9009927D2 /* Youker_EnterpriseUITests.xctest */;
			productType = "com.apple.product-type.bundle.ui-testing";
		};
/* End PBXNativeTarget section */

/* Begin PBXProject section */
		185232C62136FCF8009927D2 /* Project object */ = {
			isa = PBXProject;
			attributes = {
				LastSwiftUpdateCheck = 0940;
				LastUpgradeCheck = 0940;
				ORGANIZATIONNAME = apple;
				TargetAttributes = {
					185232CD2136FCF8009927D2 = {
						CreatedOnToolsVersion = 9.4.1;
					};
					185232E12136FCF9009927D2 = {
						CreatedOnToolsVersion = 9.4.1;
						TestTargetID = 185232CD2136FCF8009927D2;
					};
					185232EC2136FCF9009927D2 = {
						CreatedOnToolsVersion = 9.4.1;
						TestTargetID = 185232CD2136FCF8009927D2;
					};
				};
			};
			buildConfigurationList = 185232C92136FCF8009927D2 /* Build configuration list for PBXProject "Youker_Enterprise" */;
			compatibilityVersion = "Xcode 9.3";
			developmentRegion = en;
			hasScannedForEncodings = 0;
			knownRegions = (
				en,
				Base,
			);
			mainGroup = 185232C52136FCF8009927D2;
			productRefGroup = 185232CF2136FCF8009927D2 /* Products */;
			projectDirPath = "";
			projectRoot = "";
			targets = (
				185232CD2136FCF8009927D2 /* Youker_Enterprise */,
				185232E12136FCF9009927D2 /* Youker_EnterpriseTests */,
				185232EC2136FCF9009927D2 /* Youker_EnterpriseUITests */,
			);
		};
/* End PBXProject section */

/* Begin PBXResourcesBuildPhase section */
		185232CC2136FCF8009927D2 /* Resources */ = {
			isa = PBXResourcesBuildPhase;
			buildActionMask = 2147483647;
			files = (
				185232DC2136FCF9009927D2 /* LaunchScreen.storyboard in Resources */,
				185232D92136FCF9009927D2 /* Assets.xcassets in Resources */,
				185232D72136FCF8009927D2 /* Main.storyboard in Resources */,
			);
			runOnlyForDeploymentPostprocessing = 0;
		};
		185232E02136FCF9009927D2 /* Resources */ = {
			isa = PBXResourcesBuildPhase;
			buildActionMask = 2147483647;
			files = (
			);
			runOnlyForDeploymentPostprocessing = 0;
		};
		185232EB2136FCF9009927D2 /* Resources */ = {
			isa = PBXResourcesBuildPhase;
			buildActionMask = 2147483647;
			files = (
			);
			runOnlyForDeploymentPostprocessing = 0;
		};
/* End PBXResourcesBuildPhase section */

/* Begin PBXSourcesBuildPhase section */
		185232CA2136FCF8009927D2 /* Sources */ = {
			isa = PBXSourcesBuildPhase;
			buildActionMask = 2147483647;
			files = (
				185232D42136FCF8009927D2 /* ViewController.swift in Sources */,
				185232D22136FCF8009927D2 /* AppDelegate.swift in Sources */,
			);
			runOnlyForDeploymentPostprocessing = 0;
		};
		185232DE2136FCF9009927D2 /* Sources */ = {
			isa = PBXSourcesBuildPhase;
			buildActionMask = 2147483647;
			files = (
				185232E72136FCF9009927D2 /* Youker_EnterpriseTests.swift in Sources */,
			);
			runOnlyForDeploymentPostprocessing = 0;
		};
		185232E92136FCF9009927D2 /* Sources */ = {
			isa = PBXSourcesBuildPhase;
			buildActionMask = 2147483647;
			files = (
				185232F22136FCF9009927D2 /* Youker_EnterpriseUITests.swift in Sources */,
			);
			runOnlyForDeploymentPostprocessing = 0;
		};
/* End PBXSourcesBuildPhase section */

/* Begin PBXTargetDependency section */
		185232E42136FCF9009927D2 /* PBXTargetDependency */ = {
			isa = PBXTargetDependency;
			target = 185232CD2136FCF8009927D2 /* Youker_Enterprise */;
			targetProxy = 185232E32136FCF9009927D2 /* PBXContainerItemProxy */;
		};
		185232EF2136FCF9009927D2 /* PBXTargetDependency */ = {
			isa = PBXTargetDependency;
			target = 185232CD2136FCF8009927D2 /* Youker_Enterprise */;
			targetProxy = 185232EE2136FCF9009927D2 /* PBXContainerItemProxy */;
		};
/* End PBXTargetDependency section */

/* Begin PBXVariantGroup section */
		185232D52136FCF8009927D2 /* Main.storyboard */ = {
			isa = PBXVariantGroup;
			children = (
				185232D62136FCF8009927D2 /* Base */,
			);
			name = Main.storyboard;
			sourceTree = "<group>";
		};
		185232DA2136FCF9009927D2 /* LaunchScreen.storyboard */ = {
			isa = PBXVariantGroup;
			children = (
				185232DB2136FCF9009927D2 /* Base */,
			);
			name = LaunchScreen.storyboard;
			sourceTree = "<group>";
		};
/* End PBXVariantGroup section */

/* Begin XCBuildConfiguration section */
		185232F42136FCF9009927D2 /* Debug */ = {
			isa = XCBuildConfiguration;
			buildSettings = {
				ALWAYS_SEARCH_USER_PATHS = NO;
				CLANG_ANALYZER_NONNULL = YES;
				CLANG_ANALYZER_NUMBER_OBJECT_CONVERSION = YES_AGGRESSIVE;
				CLANG_CXX_LANGUAGE_STANDARD = "gnu++14";
				CLANG_CXX_LIBRARY = "libc++";
				CLANG_ENABLE_MODULES = YES;
				CLANG_ENABLE_OBJC_ARC = YES;
				CLANG_ENABLE_OBJC_WEAK = YES;
				CLANG_WARN_BLOCK_CAPTURE_AUTORELEASING = YES;
				CLANG_WARN_BOOL_CONVERSION = YES;
				CLANG_WARN_COMMA = YES;
				CLANG_WARN_CONSTANT_CONVERSION = YES;
				CLANG_WARN_DEPRECATED_OBJC_IMPLEMENTATIONS = YES;
				CLANG_WARN_DIRECT_OBJC_ISA_USAGE = YES_ERROR;
				CLANG_WARN_DOCUMENTATION_COMMENTS = YES;
				CLANG_WARN_EMPTY_BODY = YES;
				CLANG_WARN_ENUM_CONVERSION = YES;
				CLANG_WARN_INFINITE_RECURSION = YES;
				CLANG_WARN_INT_CONVERSION = YES;
				CLANG_WARN_NON_LITERAL_NULL_CONVERSION = YES;
				CLANG_WARN_OBJC_IMPLICIT_RETAIN_SELF = YES;
				CLANG_WARN_OBJC_LITERAL_CONVERSION = YES;
				CLANG_WARN_OBJC_ROOT_CLASS = YES_ERROR;
				CLANG_WARN_RANGE_LOOP_ANALYSIS = YES;
				CLANG_WARN_STRICT_PROTOTYPES = YES;
				CLANG_WARN_SUSPICIOUS_MOVE = YES;
				CLANG_WARN_UNGUARDED_AVAILABILITY = YES_AGGRESSIVE;
				CLANG_WARN_UNREACHABLE_CODE = YES;
				CLANG_WARN__DUPLICATE_METHOD_MATCH = YES;
				CODE_SIGN_IDENTITY = "iPhone Developer";
				COPY_PHASE_STRIP = NO;
				DEBUG_INFORMATION_FORMAT = dwarf;
				ENABLE_STRICT_OBJC_MSGSEND = YES;
				ENABLE_TESTABILITY = YES;
				GCC_C_LANGUAGE_STANDARD = gnu11;
				GCC_DYNAMIC_NO_PIC = NO;
				GCC_NO_COMMON_BLOCKS = YES;
				GCC_OPTIMIZATION_LEVEL = 0;
				GCC_PREPROCESSOR_DEFINITIONS = (
					"DEBUG=1",
					"$(inherited)",
				);
				GCC_WARN_64_TO_32_BIT_CONVERSION = YES;
				GCC_WARN_ABOUT_RETURN_TYPE = YES_ERROR;
				GCC_WARN_UNDECLARED_SELECTOR = YES;
				GCC_WARN_UNINITIALIZED_AUTOS = YES_AGGRESSIVE;
				GCC_WARN_UNUSED_FUNCTION = YES;
				GCC_WARN_UNUSED_VARIABLE = YES;
				IPHONEOS_DEPLOYMENT_TARGET = 11.4;
				MTL_ENABLE_DEBUG_INFO = YES;
				ONLY_ACTIVE_ARCH = YES;
				SDKROOT = iphoneos;
				SWIFT_ACTIVE_COMPILATION_CONDITIONS = DEBUG;
				SWIFT_OPTIMIZATION_LEVEL = "-Onone";
			};
			name = Debug;
		};
		185232F52136FCF9009927D2 /* Release */ = {
			isa = XCBuildConfiguration;
			buildSettings = {
				ALWAYS_SEARCH_USER_PATHS = NO;
				CLANG_ANALYZER_NONNULL = YES;
				CLANG_ANALYZER_NUMBER_OBJECT_CONVERSION = YES_AGGRESSIVE;
				CLANG_CXX_LANGUAGE_STANDARD = "gnu++14";
				CLANG_CXX_LIBRARY = "libc++";
				CLANG_ENABLE_MODULES = YES;
				CLANG_ENABLE_OBJC_ARC = YES;
				CLANG_ENABLE_OBJC_WEAK = YES;
				CLANG_WARN_BLOCK_CAPTURE_AUTORELEASING = YES;
				CLANG_WARN_BOOL_CONVERSION = YES;
				CLANG_WARN_COMMA = YES;
				CLANG_WARN_CONSTANT_CONVERSION = YES;
				CLANG_WARN_DEPRECATED_OBJC_IMPLEMENTATIONS = YES;
				CLANG_WARN_DIRECT_OBJC_ISA_USAGE = YES_ERROR;
				CLANG_WARN_DOCUMENTATION_COMMENTS = YES;
				CLANG_WARN_EMPTY_BODY = YES;
				CLANG_WARN_ENUM_CONVERSION = YES;
				CLANG_WARN_INFINITE_RECURSION = YES;
				CLANG_WARN_INT_CONVERSION = YES;
				CLANG_WARN_NON_LITERAL_NULL_CONVERSION = YES;
				CLANG_WARN_OBJC_IMPLICIT_RETAIN_SELF = YES;
				CLANG_WARN_OBJC_LITERAL_CONVERSION = YES;
				CLANG_WARN_OBJC_ROOT_CLASS = YES_ERROR;
				CLANG_WARN_RANGE_LOOP_ANALYSIS = YES;
				CLANG_WARN_STRICT_PROTOTYPES = YES;
				CLANG_WARN_SUSPICIOUS_MOVE = YES;
				CLANG_WARN_UNGUARDED_AVAILABILITY = YES_AGGRESSIVE;
				CLANG_WARN_UNREACHABLE_CODE = YES;
				CLANG_WARN__DUPLICATE_METHOD_MATCH = YES;
				CODE_SIGN_IDENTITY = "iPhone Developer";
				COPY_PHASE_STRIP = NO;
				DEBUG_INFORMATION_FORMAT = "dwarf-with-dsym";
				ENABLE_NS_ASSERTIONS = NO;
				ENABLE_STRICT_OBJC_MSGSEND = YES;
				GCC_C_LANGUAGE_STANDARD = gnu11;
				GCC_NO_COMMON_BLOCKS = YES;
				GCC_WARN_64_TO_32_BIT_CONVERSION = YES;
				GCC_WARN_ABOUT_RETURN_TYPE = YES_ERROR;
				GCC_WARN_UNDECLARED_SELECTOR = YES;
				GCC_WARN_UNINITIALIZED_AUTOS = YES_AGGRESSIVE;
				GCC_WARN_UNUSED_FUNCTION = YES;
				GCC_WARN_UNUSED_VARIABLE = YES;
				IPHONEOS_DEPLOYMENT_TARGET = 11.4;
				MTL_ENABLE_DEBUG_INFO = NO;
				SDKROOT = iphoneos;
				SWIFT_COMPILATION_MODE = wholemodule;
				SWIFT_OPTIMIZATION_LEVEL = "-O";
				VALIDATE_PRODUCT = YES;
			};
			name = Release;
		};
		185232F72136FCF9009927D2 /* Debug */ = {
			isa = XCBuildConfiguration;
			buildSettings = {
				ASSETCATALOG_COMPILER_APPICON_NAME = AppIcon;
				CODE_SIGN_STYLE = Automatic;
				INFOPLIST_FILE = Youker_Enterprise/Info.plist;
				LD_RUNPATH_SEARCH_PATHS = (
					"$(inherited)",
					"@executable_path/Frameworks",
				);
				PRODUCT_BUNDLE_IDENTIFIER = "com.youker.cn.Youker-Enterprise";
				PRODUCT_NAME = "$(TARGET_NAME)";
				SWIFT_VERSION = 4.0;
				TARGETED_DEVICE_FAMILY = "1,2";
			};
			name = Debug;
		};
		185232F82136FCF9009927D2 /* Release */ = {
			isa = XCBuildConfiguration;
			buildSettings = {
				ASSETCATALOG_COMPILER_APPICON_NAME = AppIcon;
				CODE_SIGN_STYLE = Automatic;
				INFOPLIST_FILE = Youker_Enterprise/Info.plist;
				LD_RUNPATH_SEARCH_PATHS = (
					"$(inherited)",
					"@executable_path/Frameworks",
				);
				PRODUCT_BUNDLE_IDENTIFIER = "com.youker.cn.Youker-Enterprise";
				PRODUCT_NAME = "$(TARGET_NAME)";
				SWIFT_VERSION = 4.0;
				TARGETED_DEVICE_FAMILY = "1,2";
			};
			name = Release;
		};
		185232FA2136FCF9009927D2 /* Debug */ = {
			isa = XCBuildConfiguration;
			buildSettings = {
				ALWAYS_EMBED_SWIFT_STANDARD_LIBRARIES = YES;
				BUNDLE_LOADER = "$(TEST_HOST)";
				CODE_SIGN_STYLE = Automatic;
				INFOPLIST_FILE = Youker_EnterpriseTests/Info.plist;
				LD_RUNPATH_SEARCH_PATHS = (
					"$(inherited)",
					"@executable_path/Frameworks",
					"@loader_path/Frameworks",
				);
				PRODUCT_BUNDLE_IDENTIFIER = "com.youker.cn.Youker-EnterpriseTests";
				PRODUCT_NAME = "$(TARGET_NAME)";
				SWIFT_VERSION = 4.0;
				TARGETED_DEVICE_FAMILY = "1,2";
				TEST_HOST = "$(BUILT_PRODUCTS_DIR)/Youker_Enterprise.app/Youker_Enterprise";
			};
			name = Debug;
		};
		185232FB2136FCF9009927D2 /* Release */ = {
			isa = XCBuildConfiguration;
			buildSettings = {
				ALWAYS_EMBED_SWIFT_STANDARD_LIBRARIES = YES;
				BUNDLE_LOADER = "$(TEST_HOST)";
				CODE_SIGN_STYLE = Automatic;
				INFOPLIST_FILE = Youker_EnterpriseTests/Info.plist;
				LD_RUNPATH_SEARCH_PATHS = (
					"$(inherited)",
					"@executable_path/Frameworks",
					"@loader_path/Frameworks",
				);
				PRODUCT_BUNDLE_IDENTIFIER = "com.youker.cn.Youker-EnterpriseTests";
				PRODUCT_NAME = "$(TARGET_NAME)";
				SWIFT_VERSION = 4.0;
				TARGETED_DEVICE_FAMILY = "1,2";
				TEST_HOST = "$(BUILT_PRODUCTS_DIR)/Youker_Enterprise.app/Youker_Enterprise";
			};
			name = Release;
		};
		185232FD2136FCF9009927D2 /* Debug */ = {
			isa = XCBuildConfiguration;
			buildSettings = {
				ALWAYS_EMBED_SWIFT_STANDARD_LIBRARIES = YES;
				CODE_SIGN_STYLE = Automatic;
				INFOPLIST_FILE = Youker_EnterpriseUITests/Info.plist;
				LD_RUNPATH_SEARCH_PATHS = (
					"$(inherited)",
					"@executable_path/Frameworks",
					"@loader_path/Frameworks",
				);
				PRODUCT_BUNDLE_IDENTIFIER = "com.youker.cn.Youker-EnterpriseUITests";
				PRODUCT_NAME = "$(TARGET_NAME)";
				SWIFT_VERSION = 4.0;
				TARGETED_DEVICE_FAMILY = "1,2";
				TEST_TARGET_NAME = Youker_Enterprise;
			};
			name = Debug;
		};
		185232FE2136FCF9009927D2 /* Release */ = {
			isa = XCBuildConfiguration;
			buildSettings = {
				ALWAYS_EMBED_SWIFT_STANDARD_LIBRARIES = YES;
				CODE_SIGN_STYLE = Automatic;
				INFOPLIST_FILE = Youker_EnterpriseUITests/Info.plist;
				LD_RUNPATH_SEARCH_PATHS = (
					"$(inherited)",
					"@executable_path/Frameworks",
					"@loader_path/Frameworks",
				);
				PRODUCT_BUNDLE_IDENTIFIER = "com.youker.cn.Youker-EnterpriseUITests";
				PRODUCT_NAME = "$(TARGET_NAME)";
				SWIFT_VERSION = 4.0;
				TARGETED_DEVICE_FAMILY = "1,2";
				TEST_TARGET_NAME = Youker_Enterprise;
			};
			name = Release;
		};
/* End XCBuildConfiguration section */

/* Begin XCConfigurationList section */
		185232C92136FCF8009927D2 /* Build configuration list for PBXProject "Youker_Enterprise" */ = {
			isa = XCConfigurationList;
			buildConfigurations = (
				185232F42136FCF9009927D2 /* Debug */,
				185232F52136FCF9009927D2 /* Release */,
			);
			defaultConfigurationIsVisible = 0;
			defaultConfigurationName = Release;
		};
		185232F62136FCF9009927D2 /* Build configuration list for PBXNativeTarget "Youker_Enterprise" */ = {
			isa = XCConfigurationList;
			buildConfigurations = (
				185232F72136FCF9009927D2 /* Debug */,
				185232F82136FCF9009927D2 /* Release */,
			);
			defaultConfigurationIsVisible = 0;
			defaultConfigurationName = Release;
		};
		185232F92136FCF9009927D2 /* Build configuration list for PBXNativeTarget "Youker_EnterpriseTests" */ = {
			isa = XCConfigurationList;
			buildConfigurations = (
				185232FA2136FCF9009927D2 /* Debug */,
				185232FB2136FCF9009927D2 /* Release */,
			);
			defaultConfigurationIsVisible = 0;
			defaultConfigurationName = Release;
		};
		185232FC2136FCF9009927D2 /* Build configuration list for PBXNativeTarget "Youker_EnterpriseUITests" */ = {
			isa = XCConfigurationList;
			buildConfigurations = (
				185232FD2136FCF9009927D2 /* Debug */,
				185232FE2136FCF9009927D2 /* Release */,
			);
			defaultConfigurationIsVisible = 0;
			defaultConfigurationName = Release;
		};
/* End XCConfigurationList section */
	};
	rootObject = 185232C62136FCF8009927D2 /* Project object */;
}
